# This file was autogenerated by Stack.
# You should not edit this file by hand.
# For more information, please see the documentation at:
#   https://docs.haskellstack.org/en/stable/lock_files

packages:
- completed:
    name: pdeprelude
    version: 0.2.0.0
    git: https://github.com/10Pines/pdepreludat.git
    pantry-tree:
      size: 2541
      sha256: 7402465a74f8d007bae91d1ed17e2ae79838a3425373b0b850f40209e92d031e
    commit: 588fdec969f6d1eed180c16678f18977bf78ef84
  original:
    git: https://github.com/10Pines/pdepreludat.git
    commit: 588fdec969f6d1eed180c16678f18977bf78ef84
snapshots:
- completed:
    size: 491373
    url: https://raw.githubusercontent.com/commercialhaskell/stackage-snapshots/master/lts/15/3.yaml
    sha256: 29e9ff61b8bf4b4fcff55cde3ac106ebb971f0d21331dccac9eee63374fa6ca8
  original: lts-15.3
